
Microsoft Visual Studio Solution File, Format Version 12.00
# Visual Studio Version 17
VisualStudioVersion = 17.2.32630.192
MinimumVisualStudioVersion = 10.0.40219.1
Project("{8BC9CEB8-8B4A-11D0-8D11-00A0C91BC942}") = "broblem_solutions_31_35", "broblem_solutions_31_35.vcxproj", "{F72F29E3-CC6E-4C1B-ADE2-B68EBA7BDEA8}"
EndProject
Global
	GlobalSection(SolutionConfigurationPlatforms) = preSolution
		Debug|x64 = Debug|x64
		Debug|x86 = Debug|x86
		Release|x64 = Release|x64
		Release|x86 = Release|x86
	EndGlobalSection
	GlobalSection(ProjectConfigurationPlatforms) = postSolution
		{F72F29E3-CC6E-4C1B-ADE2-B68EBA7BDEA8}.Debug|x64.ActiveCfg = Debug|x64
		{F72F29E3-CC6E-4C1B-ADE2-B68EBA7BDEA8}.Debug|x64.Build.0 = Debug|x64
		{F72F29E3-CC6E-4C1B-ADE2-B68EBA7BDEA8}.Debug|x86.ActiveCfg = Debug|Win32
		{F72F29E3-CC6E-4C1B-ADE2-B68EBA7BDEA8}.Debug|x86.Build.0 = Debug|Win32
		{F72F29E3-CC6E-4C1B-ADE2-B68EBA7BDEA8}.Release|x64.ActiveCfg = Release|x64
		{F72F29E3-CC6E-4C1B-ADE2-B68EBA7BDEA8}.Release|x64.Build.0 = Release|x64
		{F72F29E3-CC6E-4C1B-ADE2-B68EBA7BDEA8}.Release|x86.ActiveCfg = Release|Win32
		{F72F29E3-CC6E-4C1B-ADE2-B68EBA7BDEA8}.Release|x86.Build.0 = Release|Win32
	EndGlobalSection
	GlobalSection(SolutionProperties) = preSolution
		HideSolutionNode = FALSE
	EndGlobalSection
	GlobalSection(ExtensibilityGlobals) = postSolution
		SolutionGuid = {55F96BB6-748C-40C7-B059-959D908ACE26}
	EndGlobalSection
EndGlobal
